
Microsoft Visual Studio Solution File, Format Version 12.00
# Visual Studio 15
VisualStudioVersion = 15.0.28010.2003
MinimumVisualStudioVersion = 10.0.40219.1
Project("{FAE04EC0-301F-11D3-BF4B-00C04F79EFBC}") = "WPFMVVMDemo.ViewModel", "WPFMVVMDemo.ViewModel\WPFMVVMDemo.ViewModel.csproj", "{8424EACD-495B-48F3-803C-D0BFE4D80769}"
EndProject
Project("{FAE04EC0-301F-11D3-BF4B-00C04F79EFBC}") = "WPFMVVMDemo.View", "WPFMVVMDemo.View\WPFMVVMDemo.View.csproj", "{041818B2-30F5-4089-BD7B-D3775B7F6143}"
EndProject
Global
	GlobalSection(SolutionConfigurationPlatforms) = preSolution
		Debug|Any CPU = Debug|Any CPU
		Release|Any CPU = Release|Any CPU
	EndGlobalSection
	GlobalSection(ProjectConfigurationPlatforms) = postSolution
		{8424EACD-495B-48F3-803C-D0BFE4D80769}.Debug|Any CPU.ActiveCfg = Debug|Any CPU
		{8424EACD-495B-48F3-803C-D0BFE4D80769}.Debug|Any CPU.Build.0 = Debug|Any CPU
		{8424EACD-495B-48F3-803C-D0BFE4D80769}.Release|Any CPU.ActiveCfg = Release|Any CPU
		{8424EACD-495B-48F3-803C-D0BFE4D80769}.Release|Any CPU.Build.0 = Release|Any CPU
		{041818B2-30F5-4089-BD7B-D3775B7F6143}.Debug|Any CPU.ActiveCfg = Debug|Any CPU
		{041818B2-30F5-4089-BD7B-D3775B7F6143}.Debug|Any CPU.Build.0 = Debug|Any CPU
		{041818B2-30F5-4089-BD7B-D3775B7F6143}.Release|Any CPU.ActiveCfg = Release|Any CPU
		{041818B2-30F5-4089-BD7B-D3775B7F6143}.Release|Any CPU.Build.0 = Release|Any CPU
	EndGlobalSection
	GlobalSection(SolutionProperties) = preSolution
		HideSolutionNode = FALSE
	EndGlobalSection
	GlobalSection(ExtensibilityGlobals) = postSolution
		SolutionGuid = {3B6D5193-29F6-46B1-B4FD-45CF8F97132A}
	EndGlobalSection
EndGlobal
